{
  "name": "rewrite-to-ts",
  "version": "0.1.0",
  "lockfileVersion": 1,
  "requires": true,
  "dependencies": {
    "@types/prop-types": {
      "version": "15.5.6",
      "resolved": "https://registry.npmjs.org/@types/prop-types/-/prop-types-15.5.6.tgz",
      "integrity": "sha512-ZBFR7TROLVzCkswA3Fmqq+IIJt62/T7aY/Dmz+QkU7CaW2QFqAitCE8Ups7IzmGhcN1YWMBT4Qcoc07jU9hOJQ=="
    },
    "@types/react": {
      "version": "16.4.16",
      "resolved": "https://registry.npmjs.org/@types/react/-/react-16.4.16.tgz",
      "integrity": "sha512-lxyoipLWweAnLnSsV4Ho2NAZTKKmxeYgkTQ6PaDiPDU9JJBUY2zJVVGiK1smzYv8+ZgbqEmcm5xM74GCpunSEA==",
      "requires": {
        "@types/prop-types": "15.5.6",
        "csstype": "2.5.7"
      }
    },
    "@types/recompose": {
      "version": "0.27.0",
      "resolved": "https://registry.npmjs.org/@types/recompose/-/recompose-0.27.0.tgz",
      "integrity": "sha512-p92Unulom3aSdgWCFXrKIpd6obaO3gOKJhEBJUBohlcC21aDXnsnu1BbYL42GeV5qcXezeRXM1SXiyKpnFSGlA==",
      "requires": {
        "@types/react": "16.4.16"
      }
    },
    "csstype": {
      "version": "2.5.7",
      "resolved": "https://registry.npmjs.org/csstype/-/csstype-2.5.7.tgz",
      "integrity": "sha512-Nt5VDyOTIIV4/nRFswoCKps1R5CD1hkiyjBE9/thNaNZILLEviVw9yWQw15+O+CpNjQKB/uvdcxFFOrSflY3Yw=="
    }
  }
}
